// !$*UTF8*$!
{
	archiveVersion = 1;
	classes = {
	};
	objectVersion = 55;
	objects = {

/* Begin PBXBuildFile section */
		301886BB27C4A01B00CC3C66 /* NewFeedCell.swift in Sources */ = {isa = PBXBuildFile; fileRef = 301886B927C4A01B00CC3C66 /* NewFeedCell.swift */; };
		301886BC27C4A01B00CC3C66 /* NewFeedCell.xib in Resources */ = {isa = PBXBuildFile; fileRef = 301886BA27C4A01B00CC3C66 /* NewFeedCell.xib */; };
		301A664427C4C35A00264F84 /* ChatWorker.swift in Sources */ = {isa = PBXBuildFile; fileRef = 301A663E27C4C35A00264F84 /* ChatWorker.swift */; };
		301A664527C4C35A00264F84 /* ChatRouter.swift in Sources */ = {isa = PBXBuildFile; fileRef = 301A663F27C4C35A00264F84 /* ChatRouter.swift */; };
		301A664627C4C35A00264F84 /* ChatViewController.swift in Sources */ = {isa = PBXBuildFile; fileRef = 301A664027C4C35A00264F84 /* ChatViewController.swift */; };
		301A664727C4C35A00264F84 /* ChatInteractor.swift in Sources */ = {isa = PBXBuildFile; fileRef = 301A664127C4C35A00264F84 /* ChatInteractor.swift */; };
		301A664827C4C35A00264F84 /* ChatConfigurator.swift in Sources */ = {isa = PBXBuildFile; fileRef = 301A664227C4C35A00264F84 /* ChatConfigurator.swift */; };
		301A664927C4C35A00264F84 /* ChatViewController.xib in Resources */ = {isa = PBXBuildFile; fileRef = 301A664327C4C35A00264F84 /* ChatViewController.xib */; };
		301A664C27C4C3BC00264F84 /* MessageModels.swift in Sources */ = {isa = PBXBuildFile; fileRef = 301A664B27C4C3BC00264F84 /* MessageModels.swift */; };
		3022C1F327C36D0700EE60CC /* AppDelegate.swift in Sources */ = {isa = PBXBuildFile; fileRef = 3022C1F227C36D0700EE60CC /* AppDelegate.swift */; };
		3022C1F527C36D0700EE60CC /* SceneDelegate.swift in Sources */ = {isa = PBXBuildFile; fileRef = 3022C1F427C36D0700EE60CC /* SceneDelegate.swift */; };
		3022C1F727C36D0700EE60CC /* ViewController.swift in Sources */ = {isa = PBXBuildFile; fileRef = 3022C1F627C36D0700EE60CC /* ViewController.swift */; };
		3022C1FA27C36D0700EE60CC /* Main.storyboard in Resources */ = {isa = PBXBuildFile; fileRef = 3022C1F827C36D0700EE60CC /* Main.storyboard */; };
		3022C1FF27C36D0C00EE60CC /* LaunchScreen.storyboard in Resources */ = {isa = PBXBuildFile; fileRef = 3022C1FD27C36D0C00EE60CC /* LaunchScreen.storyboard */; };
		3022C20A27C36D0C00EE60CC /* AppLabTests.swift in Sources */ = {isa = PBXBuildFile; fileRef = 3022C20927C36D0C00EE60CC /* AppLabTests.swift */; };
		3022C21427C36D0C00EE60CC /* AppLabUITests.swift in Sources */ = {isa = PBXBuildFile; fileRef = 3022C21327C36D0C00EE60CC /* AppLabUITests.swift */; };
		3022C21627C36D0C00EE60CC /* AppLabUITestsLaunchTests.swift in Sources */ = {isa = PBXBuildFile; fileRef = 3022C21527C36D0C00EE60CC /* AppLabUITestsLaunchTests.swift */; };
		3022C22427C36D3B00EE60CC /* ThemeManager.swift in Sources */ = {isa = PBXBuildFile; fileRef = 3022C22327C36D3B00EE60CC /* ThemeManager.swift */; };
		3022C22627C36D8700EE60CC /* MyTheme.swift in Sources */ = {isa = PBXBuildFile; fileRef = 3022C22527C36D8700EE60CC /* MyTheme.swift */; };
		3022C23427C3756300EE60CC /* SignInWorker.swift in Sources */ = {isa = PBXBuildFile; fileRef = 3022C22E27C3756300EE60CC /* SignInWorker.swift */; };
		3022C23527C3756300EE60CC /* SignInRouter.swift in Sources */ = {isa = PBXBuildFile; fileRef = 3022C22F27C3756300EE60CC /* SignInRouter.swift */; };
		3022C23627C3756300EE60CC /* SignInViewController.swift in Sources */ = {isa = PBXBuildFile; fileRef = 3022C23027C3756300EE60CC /* SignInViewController.swift */; };
		3022C23727C3756300EE60CC /* SignInInteractor.swift in Sources */ = {isa = PBXBuildFile; fileRef = 3022C23127C3756300EE60CC /* SignInInteractor.swift */; };
		3022C23827C3756300EE60CC /* SignInConfigurator.swift in Sources */ = {isa = PBXBuildFile; fileRef = 3022C23227C3756300EE60CC /* SignInConfigurator.swift */; };
		3022C23927C3756300EE60CC /* SignInViewController.xib in Resources */ = {isa = PBXBuildFile; fileRef = 3022C23327C3756300EE60CC /* SignInViewController.xib */; };
		3022C23B27C3758B00EE60CC /* BaseViewController.swift in Sources */ = {isa = PBXBuildFile; fileRef = 3022C23A27C3758B00EE60CC /* BaseViewController.swift */; };
		3022C23E27C37DED00EE60CC /* UIFloatingTextField.swift in Sources */ = {isa = PBXBuildFile; fileRef = 3022C23D27C37DED00EE60CC /* UIFloatingTextField.swift */; };
		3022C24027C37DFB00EE60CC /* UIFloatingTextField.xib in Resources */ = {isa = PBXBuildFile; fileRef = 3022C23F27C37DFB00EE60CC /* UIFloatingTextField.xib */; };
		3026021927D8EB2800134DC8 /* NewRoomModel.swift in Sources */ = {isa = PBXBuildFile; fileRef = 3026021827D8EB2800134DC8 /* NewRoomModel.swift */; };
		3026021C27D97B2100134DC8 /* RepoListModel.swift in Sources */ = {isa = PBXBuildFile; fileRef = 3026021B27D97B2000134DC8 /* RepoListModel.swift */; };
		3026021F27D97C6500134DC8 /* RepoViewController.swift in Sources */ = {isa = PBXBuildFile; fileRef = 3026021D27D97C6500134DC8 /* RepoViewController.swift */; };
		3026022027D97C6600134DC8 /* RepoViewController.xib in Resources */ = {isa = PBXBuildFile; fileRef = 3026021E27D97C6500134DC8 /* RepoViewController.xib */; };
		3061A3DA27D8D6C900C4604B /* NewRoomWorker.swift in Sources */ = {isa = PBXBuildFile; fileRef = 3061A3D427D8D6C900C4604B /* NewRoomWorker.swift */; };
		3061A3DB27D8D6C900C4604B /* NewRoomRouter.swift in Sources */ = {isa = PBXBuildFile; fileRef = 3061A3D527D8D6C900C4604B /* NewRoomRouter.swift */; };
		3061A3DC27D8D6C900C4604B /* NewRoomViewController.swift in Sources */ = {isa = PBXBuildFile; fileRef = 3061A3D627D8D6C900C4604B /* NewRoomViewController.swift */; };
		3061A3DD27D8D6C900C4604B /* NewRoomInteractor.swift in Sources */ = {isa = PBXBuildFile; fileRef = 3061A3D727D8D6C900C4604B /* NewRoomInteractor.swift */; };
		3061A3DE27D8D6C900C4604B /* NewRoomConfigurator.swift in Sources */ = {isa = PBXBuildFile; fileRef = 3061A3D827D8D6C900C4604B /* NewRoomConfigurator.swift */; };
		3061A3DF27D8D6C900C4604B /* NewRoomViewController.xib in Resources */ = {isa = PBXBuildFile; fileRef = 3061A3D927D8D6C900C4604B /* NewRoomViewController.xib */; };
		307A75B227E35E9C005F9DF4 /* BaseRequest.swift in Sources */ = {isa = PBXBuildFile; fileRef = 307A75B127E35E9C005F9DF4 /* BaseRequest.swift */; };
		307A75B627E36247005F9DF4 /* SupportVC.swift in Sources */ = {isa = PBXBuildFile; fileRef = 307A75B427E36247005F9DF4 /* SupportVC.swift */; };
		307A75B727E36248005F9DF4 /* SupportVC.xib in Resources */ = {isa = PBXBuildFile; fileRef = 307A75B527E36247005F9DF4 /* SupportVC.xib */; };
		307A75B927E36276005F9DF4 /* SupportWorker.swift in Sources */ = {isa = PBXBuildFile; fileRef = 307A75B827E36276005F9DF4 /* SupportWorker.swift */; };
		307A75BC27E362EE005F9DF4 /* ProductModel.swift in Sources */ = {isa = PBXBuildFile; fileRef = 307A75BB27E362EE005F9DF4 /* ProductModel.swift */; };
		307A75BE27E365F7005F9DF4 /* SupportViewModel.swift in Sources */ = {isa = PBXBuildFile; fileRef = 307A75BD27E365F6005F9DF4 /* SupportViewModel.swift */; };
		307B227627C5EF64003032BC /* SignUpWorker.swift in Sources */ = {isa = PBXBuildFile; fileRef = 307B227027C5EF64003032BC /* SignUpWorker.swift */; };
		307B227727C5EF64003032BC /* SignUpRouter.swift in Sources */ = {isa = PBXBuildFile; fileRef = 307B227127C5EF64003032BC /* SignUpRouter.swift */; };
		307B227827C5EF64003032BC /* SignUpViewController.swift in Sources */ = {isa = PBXBuildFile; fileRef = 307B227227C5EF64003032BC /* SignUpViewController.swift */; };
		307B227927C5EF64003032BC /* SignUpInteractor.swift in Sources */ = {isa = PBXBuildFile; fileRef = 307B227327C5EF64003032BC /* SignUpInteractor.swift */; };
		307B227A27C5EF64003032BC /* SignUpConfigurator.swift in Sources */ = {isa = PBXBuildFile; fileRef = 307B227427C5EF64003032BC /* SignUpConfigurator.swift */; };
		307B227B27C5EF64003032BC /* SignUpViewController.xib in Resources */ = {isa = PBXBuildFile; fileRef = 307B227527C5EF64003032BC /* SignUpViewController.xib */; };
		307B227E27C5F4DA003032BC /* NavBarView.swift in Sources */ = {isa = PBXBuildFile; fileRef = 307B227D27C5F4DA003032BC /* NavBarView.swift */; };
		307B228027C5F4E6003032BC /* NavBarView.xib in Resources */ = {isa = PBXBuildFile; fileRef = 307B227F27C5F4E6003032BC /* NavBarView.xib */; };
		307B228327C6088D003032BC /* NewFeedHeaderView.xib in Resources */ = {isa = PBXBuildFile; fileRef = 307B228227C6088D003032BC /* NewFeedHeaderView.xib */; };
		307B228527C60A5E003032BC /* NewFeedHeaderView.swift in Sources */ = {isa = PBXBuildFile; fileRef = 307B228427C60A5E003032BC /* NewFeedHeaderView.swift */; };
		307B228827C60ADA003032BC /* UserModel.swift in Sources */ = {isa = PBXBuildFile; fileRef = 307B228727C60ADA003032BC /* UserModel.swift */; };
		307B228B27C60B45003032BC /* NewFeedHeaderCell.swift in Sources */ = {isa = PBXBuildFile; fileRef = 307B228927C60B45003032BC /* NewFeedHeaderCell.swift */; };
		307B228C27C60B45003032BC /* NewFeedHeaderCell.xib in Resources */ = {isa = PBXBuildFile; fileRef = 307B228A27C60B45003032BC /* NewFeedHeaderCell.xib */; };
		3088F13027EA8DA90026E510 /* DesViewComponent.swift in Sources */ = {isa = PBXBuildFile; fileRef = 3088F12F27EA8DA90026E510 /* DesViewComponent.swift */; };
		3088F13227EA8DBA0026E510 /* DesViewComponent.xib in Resources */ = {isa = PBXBuildFile; fileRef = 3088F13127EA8DBA0026E510 /* DesViewComponent.xib */; };
		308C8A3027E4F4DA008623A3 /* ProductCell.swift in Sources */ = {isa = PBXBuildFile; fileRef = 308C8A2E27E4F4DA008623A3 /* ProductCell.swift */; };
		308C8A3127E4F4DA008623A3 /* ProductCell.xib in Resources */ = {isa = PBXBuildFile; fileRef = 308C8A2F27E4F4DA008623A3 /* ProductCell.xib */; };
		30B3A98C27C38BAB001D8A7F /* Extension+UIView.swift in Sources */ = {isa = PBXBuildFile; fileRef = 30B3A98B27C38BAB001D8A7F /* Extension+UIView.swift */; };
		30B3A98E27C391D8001D8A7F /* GradientButton.swift in Sources */ = {isa = PBXBuildFile; fileRef = 30B3A98D27C391D8001D8A7F /* GradientButton.swift */; };
		30B3A99627C3975B001D8A7F /* NewFeedWorker.swift in Sources */ = {isa = PBXBuildFile; fileRef = 30B3A99027C3975B001D8A7F /* NewFeedWorker.swift */; };
		30B3A99727C3975B001D8A7F /* NewFeedRouter.swift in Sources */ = {isa = PBXBuildFile; fileRef = 30B3A99127C3975B001D8A7F /* NewFeedRouter.swift */; };
		30B3A99827C3975B001D8A7F /* NewFeedViewController.swift in Sources */ = {isa = PBXBuildFile; fileRef = 30B3A99227C3975B001D8A7F /* NewFeedViewController.swift */; };
		30B3A99927C3975B001D8A7F /* NewFeedInteractor.swift in Sources */ = {isa = PBXBuildFile; fileRef = 30B3A99327C3975B001D8A7F /* NewFeedInteractor.swift */; };
		30B3A99A27C3975B001D8A7F /* NewFeedConfigurator.swift in Sources */ = {isa = PBXBuildFile; fileRef = 30B3A99427C3975B001D8A7F /* NewFeedConfigurator.swift */; };
		30B3A99B27C3975B001D8A7F /* NewFeedViewController.xib in Resources */ = {isa = PBXBuildFile; fileRef = 30B3A99527C3975B001D8A7F /* NewFeedViewController.xib */; };
		30B3A99D27C39BF7001D8A7F /* GoogleService-Info.plist in Resources */ = {isa = PBXBuildFile; fileRef = 30B3A99C27C39BF7001D8A7F /* GoogleService-Info.plist */; };
		30C665A527EDD87900664A03 /* DesComponentCell.swift in Sources */ = {isa = PBXBuildFile; fileRef = 30C665A327EDD87900664A03 /* DesComponentCell.swift */; };
		30C665A627EDD87900664A03 /* DesComponentCell.xib in Resources */ = {isa = PBXBuildFile; fileRef = 30C665A427EDD87900664A03 /* DesComponentCell.xib */; };
		30C665AA27EDD92C00664A03 /* SourceAccountCell.swift in Sources */ = {isa = PBXBuildFile; fileRef = 30C665A827EDD92C00664A03 /* SourceAccountCell.swift */; };
		30C665AB27EDD92C00664A03 /* SourceAccountCell.xib in Resources */ = {isa = PBXBuildFile; fileRef = 30C665A927EDD92C00664A03 /* SourceAccountCell.xib */; };
		30CD3AFA27EB804600E4AD71 /* ExtensionString.swift in Sources */ = {isa = PBXBuildFile; fileRef = 30CD3AF927EB804600E4AD71 /* ExtensionString.swift */; };
		30D0A0BF27E751A100A5ED8B /* SupportCovidWorker.swift in Sources */ = {isa = PBXBuildFile; fileRef = 30D0A0BE27E751A100A5ED8B /* SupportCovidWorker.swift */; };
		30D0A0C127E7540900A5ED8B /* SectionModel.swift in Sources */ = {isa = PBXBuildFile; fileRef = 30D0A0C027E7540900A5ED8B /* SectionModel.swift */; };
		30D0A0C427E7630E00A5ED8B /* SupportCovidVC.swift in Sources */ = {isa = PBXBuildFile; fileRef = 30D0A0C227E7630E00A5ED8B /* SupportCovidVC.swift */; };
		30D0A0C527E7630E00A5ED8B /* SupportCovidVC.xib in Resources */ = {isa = PBXBuildFile; fileRef = 30D0A0C327E7630E00A5ED8B /* SupportCovidVC.xib */; };
		9008985B68323EF9CCF2092E /* libPods-AppLab-AppLabUITests.a in Frameworks */ = {isa = PBXBuildFile; fileRef = 1AEDC7532D60DBFFA0A7AE51 /* libPods-AppLab-AppLabUITests.a */; };
		94D267FD32A89B68532EAE03 /* libPods-AppLab.a in Frameworks */ = {isa = PBXBuildFile; fileRef = 94E482546D3C829754B4F5FB /* libPods-AppLab.a */; };
		CC9AF7D7ABC73354ED61E75B /* libPods-AppLabTests.a in Frameworks */ = {isa = PBXBuildFile; fileRef = 918F718C157FD1BA74ED814C /* libPods-AppLabTests.a */; };
/* End PBXBuildFile section */

/* Begin PBXContainerItemProxy section */
		3022C20627C36D0C00EE60CC /* PBXContainerItemProxy */ = {
			isa = PBXContainerItemProxy;
			containerPortal = 3022C1E727C36D0700EE60CC /* Project object */;
			proxyType = 1;
			remoteGlobalIDString = 3022C1EE27C36D0700EE60CC;
			remoteInfo = AppLab;
		};
		3022C21027C36D0C00EE60CC /* PBXContainerItemProxy */ = {
			isa = PBXContainerItemProxy;
			containerPortal = 3022C1E727C36D0700EE60CC /* Project object */;
			proxyType = 1;
			remoteGlobalIDString = 3022C1EE27C36D0700EE60CC;
			remoteInfo = AppLab;
		};
/* End PBXContainerItemProxy section */

/* Begin PBXFileReference section */
		1AEDC7532D60DBFFA0A7AE51 /* libPods-AppLab-AppLabUITests.a */ = {isa = PBXFileReference; explicitFileType = archive.ar; includeInIndex = 0; path = "libPods-AppLab-AppLabUITests.a"; sourceTree = BUILT_PRODUCTS_DIR; };
		25AAEFFCDCA81FA1D0B12B86 /* Pods-AppLab-AppLabUITests.debug.xcconfig */ = {isa = PBXFileReference; includeInIndex = 1; lastKnownFileType = text.xcconfig; name = "Pods-AppLab-AppLabUITests.debug.xcconfig"; path = "Target Support Files/Pods-AppLab-AppLabUITests/Pods-AppLab-AppLabUITests.debug.xcconfig"; sourceTree = "<group>"; };
		301886B927C4A01B00CC3C66 /* NewFeedCell.swift */ = {isa = PBXFileReference; lastKnownFileType = sourcecode.swift; path = NewFeedCell.swift; sourceTree = "<group>"; };
		301886BA27C4A01B00CC3C66 /* NewFeedCell.xib */ = {isa = PBXFileReference; lastKnownFileType = file.xib; path = NewFeedCell.xib; sourceTree = "<group>"; };
		301A663E27C4C35A00264F84 /* ChatWorker.swift */ = {isa = PBXFileReference; lastKnownFileType = sourcecode.swift; path = ChatWorker.swift; sourceTree = "<group>"; };
		301A663F27C4C35A00264F84 /* ChatRouter.swift */ = {isa = PBXFileReference; lastKnownFileType = sourcecode.swift; path = ChatRouter.swift; sourceTree = "<group>"; };
		301A664027C4C35A00264F84 /* ChatViewController.swift */ = {isa = PBXFileReference; lastKnownFileType = sourcecode.swift; path = ChatViewController.swift; sourceTree = "<group>"; };
		301A664127C4C35A00264F84 /* ChatInteractor.swift */ = {isa = PBXFileReference; lastKnownFileType = sourcecode.swift; path = ChatInteractor.swift; sourceTree = "<group>"; };
		301A664227C4C35A00264F84 /* ChatConfigurator.swift */ = {isa = PBXFileReference; lastKnownFileType = sourcecode.swift; path = ChatConfigurator.swift; sourceTree = "<group>"; };
		301A664327C4C35A00264F84 /* ChatViewController.xib */ = {isa = PBXFileReference; lastKnownFileType = file.xib; path = ChatViewController.xib; sourceTree = "<group>"; };
		301A664B27C4C3BC00264F84 /* MessageModels.swift */ = {isa = PBXFileReference; lastKnownFileType = sourcecode.swift; path = MessageModels.swift; sourceTree = "<group>"; };
		3022C1EF27C36D0700EE60CC /* AppLab.app */ = {isa = PBXFileReference; explicitFileType = wrapper.application; includeInIndex = 0; path = AppLab.app; sourceTree = BUILT_PRODUCTS_DIR; };
		3022C1F227C36D0700EE60CC /* AppDelegate.swift */ = {isa = PBXFileReference; lastKnownFileType = sourcecode.swift; path = AppDelegate.swift; sourceTree = "<group>"; };
		3022C1F427C36D0700EE60CC /* SceneDelegate.swift */ = {isa = PBXFileReference; lastKnownFileType = sourcecode.swift; path = SceneDelegate.swift; sourceTree = "<group>"; };
		3022C1F627C36D0700EE60CC /* ViewController.swift */ = {isa = PBXFileReference; lastKnownFileType = sourcecode.swift; path = ViewController.swift; sourceTree = "<group>"; };
		3022C1F927C36D0700EE60CC /* Base */ = {isa = PBXFileReference; lastKnownFileType = file.storyboard; name = Base; path = Base.lproj/Main.storyboard; sourceTree = "<group>"; };
		3022C1FB27C36D0C00EE60CC /* Assets.xcassets */ = {isa = PBXFileReference; lastKnownFileType = folder.assetcatalog; path = Assets.xcassets; sourceTree = "<group>"; };
		3022C1FE27C36D0C00EE60CC /* Base */ = {isa = PBXFileReference; lastKnownFileType = file.storyboard; name = Base; path = Base.lproj/LaunchScreen.storyboard; sourceTree = "<group>"; };
		3022C20027C36D0C00EE60CC /* Info.plist */ = {isa = PBXFileReference; lastKnownFileType = text.plist.xml; path = Info.plist; sourceTree = "<group>"; };
		3022C20527C36D0C00EE60CC /* AppLabTests.xctest */ = {isa = PBXFileReference; explicitFileType = wrapper.cfbundle; includeInIndex = 0; path = AppLabTests.xctest; sourceTree = BUILT_PRODUCTS_DIR; };
		3022C20927C36D0C00EE60CC /* AppLabTests.swift */ = {isa = PBXFileReference; lastKnownFileType = sourcecode.swift; path = AppLabTests.swift; sourceTree = "<group>"; };
		3022C20F27C36D0C00EE60CC /* AppLabUITests.xctest */ = {isa = PBXFileReference; explicitFileType = wrapper.cfbundle; includeInIndex = 0; path = AppLabUITests.xctest; sourceTree = BUILT_PRODUCTS_DIR; };
		3022C21327C36D0C00EE60CC /* AppLabUITests.swift */ = {isa = PBXFileReference; lastKnownFileType = sourcecode.swift; path = AppLabUITests.swift; sourceTree = "<group>"; };
		3022C21527C36D0C00EE60CC /* AppLabUITestsLaunchTests.swift */ = {isa = PBXFileReference; lastKnownFileType = sourcecode.swift; path = AppLabUITestsLaunchTests.swift; sourceTree = "<group>"; };
		3022C22327C36D3B00EE60CC /* ThemeManager.swift */ = {isa = PBXFileReference; lastKnownFileType = sourcecode.swift; path = ThemeManager.swift; sourceTree = "<group>"; };
		3022C22527C36D8700EE60CC /* MyTheme.swift */ = {isa = PBXFileReference; lastKnownFileType = sourcecode.swift; path = MyTheme.swift; sourceTree = "<group>"; };
		3022C22E27C3756300EE60CC /* SignInWorker.swift */ = {isa = PBXFileReference; lastKnownFileType = sourcecode.swift; path = SignInWorker.swift; sourceTree = "<group>"; };
		3022C22F27C3756300EE60CC /* SignInRouter.swift */ = {isa = PBXFileReference; lastKnownFileType = sourcecode.swift; path = SignInRouter.swift; sourceTree = "<group>"; };
		3022C23027C3756300EE60CC /* SignInViewController.swift */ = {isa = PBXFileReference; lastKnownFileType = sourcecode.swift; path = SignInViewController.swift; sourceTree = "<group>"; };
		3022C23127C3756300EE60CC /* SignInInteractor.swift */ = {isa = PBXFileReference; lastKnownFileType = sourcecode.swift; path = SignInInteractor.swift; sourceTree = "<group>"; };
		3022C23227C3756300EE60CC /* SignInConfigurator.swift */ = {isa = PBXFileReference; lastKnownFileType = sourcecode.swift; path = SignInConfigurator.swift; sourceTree = "<group>"; };
		3022C23327C3756300EE60CC /* SignInViewController.xib */ = {isa = PBXFileReference; lastKnownFileType = file.xib; path = SignInViewController.xib; sourceTree = "<group>"; };
		3022C23A27C3758B00EE60CC /* BaseViewController.swift */ = {isa = PBXFileReference; lastKnownFileType = sourcecode.swift; path = BaseViewController.swift; sourceTree = "<group>"; };
		3022C23D27C37DED00EE60CC /* UIFloatingTextField.swift */ = {isa = PBXFileReference; lastKnownFileType = sourcecode.swift; path = UIFloatingTextField.swift; sourceTree = "<group>"; };
		3022C23F27C37DFB00EE60CC /* UIFloatingTextField.xib */ = {isa = PBXFileReference; lastKnownFileType = file.xib; path = UIFloatingTextField.xib; sourceTree = "<group>"; };
		3026021827D8EB2800134DC8 /* NewRoomModel.swift */ = {isa = PBXFileReference; lastKnownFileType = sourcecode.swift; path = NewRoomModel.swift; sourceTree = "<group>"; };
		3026021B27D97B2000134DC8 /* RepoListModel.swift */ = {isa = PBXFileReference; lastKnownFileType = sourcecode.swift; path = RepoListModel.swift; sourceTree = "<group>"; };
		3026021D27D97C6500134DC8 /* RepoViewController.swift */ = {isa = PBXFileReference; lastKnownFileType = sourcecode.swift; path = RepoViewController.swift; sourceTree = "<group>"; };
		3026021E27D97C6500134DC8 /* RepoViewController.xib */ = {isa = PBXFileReference; lastKnownFileType = file.xib; path = RepoViewController.xib; sourceTree = "<group>"; };
		3061A3D427D8D6C900C4604B /* NewRoomWorker.swift */ = {isa = PBXFileReference; lastKnownFileType = sourcecode.swift; path = NewRoomWorker.swift; sourceTree = "<group>"; };
		3061A3D527D8D6C900C4604B /* NewRoomRouter.swift */ = {isa = PBXFileReference; lastKnownFileType = sourcecode.swift; path = NewRoomRouter.swift; sourceTree = "<group>"; };
		3061A3D627D8D6C900C4604B /* NewRoomViewController.swift */ = {isa = PBXFileReference; lastKnownFileType = sourcecode.swift; path = NewRoomViewController.swift; sourceTree = "<group>"; };
		3061A3D727D8D6C900C4604B /* NewRoomInteractor.swift */ = {isa = PBXFileReference; lastKnownFileType = sourcecode.swift; path = NewRoomInteractor.swift; sourceTree = "<group>"; };
		3061A3D827D8D6C900C4604B /* NewRoomConfigurator.swift */ = {isa = PBXFileReference; lastKnownFileType = sourcecode.swift; path = NewRoomConfigurator.swift; sourceTree = "<group>"; };
		3061A3D927D8D6C900C4604B /* NewRoomViewController.xib */ = {isa = PBXFileReference; lastKnownFileType = file.xib; path = NewRoomViewController.xib; sourceTree = "<group>"; };
		307A75B127E35E9C005F9DF4 /* BaseRequest.swift */ = {isa = PBXFileReference; lastKnownFileType = sourcecode.swift; path = BaseRequest.swift; sourceTree = "<group>"; };
		307A75B427E36247005F9DF4 /* SupportVC.swift */ = {isa = PBXFileReference; lastKnownFileType = sourcecode.swift; path = SupportVC.swift; sourceTree = "<group>"; };
		307A75B527E36247005F9DF4 /* SupportVC.xib */ = {isa = PBXFileReference; lastKnownFileType = file.xib; path = SupportVC.xib; sourceTree = "<group>"; };
		307A75B827E36276005F9DF4 /* SupportWorker.swift */ = {isa = PBXFileReference; lastKnownFileType = sourcecode.swift; path = SupportWorker.swift; sourceTree = "<group>"; };
		307A75BB27E362EE005F9DF4 /* ProductModel.swift */ = {isa = PBXFileReference; lastKnownFileType = sourcecode.swift; path = ProductModel.swift; sourceTree = "<group>"; };
		307A75BD27E365F6005F9DF4 /* SupportViewModel.swift */ = {isa = PBXFileReference; lastKnownFileType = sourcecode.swift; path = SupportViewModel.swift; sourceTree = "<group>"; };
		307B227027C5EF64003032BC /* SignUpWorker.swift */ = {isa = PBXFileReference; lastKnownFileType = sourcecode.swift; path = SignUpWorker.swift; sourceTree = "<group>"; };
		307B227127C5EF64003032BC /* SignUpRouter.swift */ = {isa = PBXFileReference; lastKnownFileType = sourcecode.swift; path = SignUpRouter.swift; sourceTree = "<group>"; };
		307B227227C5EF64003032BC /* SignUpViewController.swift */ = {isa = PBXFileReference; lastKnownFileType = sourcecode.swift; path = SignUpViewController.swift; sourceTree = "<group>"; };
		307B227327C5EF64003032BC /* SignUpInteractor.swift */ = {isa = PBXFileReference; lastKnownFileType = sourcecode.swift; path = SignUpInteractor.swift; sourceTree = "<group>"; };
		307B227427C5EF64003032BC /* SignUpConfigurator.swift */ = {isa = PBXFileReference; lastKnownFileType = sourcecode.swift; path = SignUpConfigurator.swift; sourceTree = "<group>"; };
		307B227527C5EF64003032BC /* SignUpViewController.xib */ = {isa = PBXFileReference; lastKnownFileType = file.xib; path = SignUpViewController.xib; sourceTree = "<group>"; };
		307B227D27C5F4DA003032BC /* NavBarView.swift */ = {isa = PBXFileReference; lastKnownFileType = sourcecode.swift; path = NavBarView.swift; sourceTree = "<group>"; };
		307B227F27C5F4E6003032BC /* NavBarView.xib */ = {isa = PBXFileReference; lastKnownFileType = file.xib; path = NavBarView.xib; sourceTree = "<group>"; };
		307B228227C6088D003032BC /* NewFeedHeaderView.xib */ = {isa = PBXFileReference; lastKnownFileType = file.xib; path = NewFeedHeaderView.xib; sourceTree = "<group>"; };
		307B228427C60A5E003032BC /* NewFeedHeaderView.swift */ = {isa = PBXFileReference; lastKnownFileType = sourcecode.swift; path = NewFeedHeaderView.swift; sourceTree = "<group>"; };
		307B228727C60ADA003032BC /* UserModel.swift */ = {isa = PBXFileReference; lastKnownFileType = sourcecode.swift; path = UserModel.swift; sourceTree = "<group>"; };
		307B228927C60B45003032BC /* NewFeedHeaderCell.swift */ = {isa = PBXFileReference; lastKnownFileType = sourcecode.swift; path = NewFeedHeaderCell.swift; sourceTree = "<group>"; };
		307B228A27C60B45003032BC /* NewFeedHeaderCell.xib */ = {isa = PBXFileReference; lastKnownFileType = file.xib; path = NewFeedHeaderCell.xib; sourceTree = "<group>"; };
		3088F12F27EA8DA90026E510 /* DesViewComponent.swift */ = {isa = PBXFileReference; lastKnownFileType = sourcecode.swift; path = DesViewComponent.swift; sourceTree = "<group>"; };
		3088F13127EA8DBA0026E510 /* DesViewComponent.xib */ = {isa = PBXFileReference; lastKnownFileType = file.xib; path = DesViewComponent.xib; sourceTree = "<group>"; };
		308C8A2E27E4F4DA008623A3 /* ProductCell.swift */ = {isa = PBXFileReference; lastKnownFileType = sourcecode.swift; path = ProductCell.swift; sourceTree = "<group>"; };
		308C8A2F27E4F4DA008623A3 /* ProductCell.xib */ = {isa = PBXFileReference; lastKnownFileType = file.xib; path = ProductCell.xib; sourceTree = "<group>"; };
		30B3A98B27C38BAB001D8A7F /* Extension+UIView.swift */ = {isa = PBXFileReference; lastKnownFileType = sourcecode.swift; path = "Extension+UIView.swift"; sourceTree = "<group>"; };
		30B3A98D27C391D8001D8A7F /* GradientButton.swift */ = {isa = PBXFileReference; lastKnownFileType = sourcecode.swift; path = GradientButton.swift; sourceTree = "<group>"; };
		30B3A99027C3975B001D8A7F /* NewFeedWorker.swift */ = {isa = PBXFileReference; lastKnownFileType = sourcecode.swift; path = NewFeedWorker.swift; sourceTree = "<group>"; };
		30B3A99127C3975B001D8A7F /* NewFeedRouter.swift */ = {isa = PBXFileReference; lastKnownFileType = sourcecode.swift; path = NewFeedRouter.swift; sourceTree = "<group>"; };
		30B3A99227C3975B001D8A7F /* NewFeedViewController.swift */ = {isa = PBXFileReference; lastKnownFileType = sourcecode.swift; path = NewFeedViewController.swift; sourceTree = "<group>"; };
		30B3A99327C3975B001D8A7F /* NewFeedInteractor.swift */ = {isa = PBXFileReference; lastKnownFileType = sourcecode.swift; path = NewFeedInteractor.swift; sourceTree = "<group>"; };
		30B3A99427C3975B001D8A7F /* NewFeedConfigurator.swift */ = {isa = PBXFileReference; lastKnownFileType = sourcecode.swift; path = NewFeedConfigurator.swift; sourceTree = "<group>"; };
		30B3A99527C3975B001D8A7F /* NewFeedViewController.xib */ = {isa = PBXFileReference; lastKnownFileType = file.xib; path = NewFeedViewController.xib; sourceTree = "<group>"; };
		30B3A99C27C39BF7001D8A7F /* GoogleService-Info.plist */ = {isa = PBXFileReference; fileEncoding = 4; lastKnownFileType = text.plist.xml; path = "GoogleService-Info.plist"; sourceTree = "<group>"; };
		30C665A327EDD87900664A03 /* DesComponentCell.swift */ = {isa = PBXFileReference; lastKnownFileType = sourcecode.swift; path = DesComponentCell.swift; sourceTree = "<group>"; };
		30C665A427EDD87900664A03 /* DesComponentCell.xib */ = {isa = PBXFileReference; lastKnownFileType = file.xib; path = DesComponentCell.xib; sourceTree = "<group>"; };
		30C665A827EDD92C00664A03 /* SourceAccountCell.swift */ = {isa = PBXFileReference; lastKnownFileType = sourcecode.swift; path = SourceAccountCell.swift; sourceTree = "<group>"; };
		30C665A927EDD92C00664A03 /* SourceAccountCell.xib */ = {isa = PBXFileReference; lastKnownFileType = file.xib; path = SourceAccountCell.xib; sourceTree = "<group>"; };
		30CD3AF927EB804600E4AD71 /* ExtensionString.swift */ = {isa = PBXFileReference; lastKnownFileType = sourcecode.swift; path = ExtensionString.swift; sourceTree = "<group>"; };
		30D0A0BE27E751A100A5ED8B /* SupportCovidWorker.swift */ = {isa = PBXFileReference; lastKnownFileType = sourcecode.swift; path = SupportCovidWorker.swift; sourceTree = "<group>"; };
		30D0A0C027E7540900A5ED8B /* SectionModel.swift */ = {isa = PBXFileReference; lastKnownFileType = sourcecode.swift; path = SectionModel.swift; sourceTree = "<group>"; };
		30D0A0C227E7630E00A5ED8B /* SupportCovidVC.swift */ = {isa = PBXFileReference; lastKnownFileType = sourcecode.swift; path = SupportCovidVC.swift; sourceTree = "<group>"; };
		30D0A0C327E7630E00A5ED8B /* SupportCovidVC.xib */ = {isa = PBXFileReference; lastKnownFileType = file.xib; path = SupportCovidVC.xib; sourceTree = "<group>"; };
		5209CB58D87A2BD7B379CFC4 /* Pods-AppLabTests.debug.xcconfig */ = {isa = PBXFileReference; includeInIndex = 1; lastKnownFileType = text.xcconfig; name = "Pods-AppLabTests.debug.xcconfig"; path = "Target Support Files/Pods-AppLabTests/Pods-AppLabTests.debug.xcconfig"; sourceTree = "<group>"; };
		5598A321438F75763BE1AF4F /* Pods-AppLab.release.xcconfig */ = {isa = PBXFileReference; includeInIndex = 1; lastKnownFileType = text.xcconfig; name = "Pods-AppLab.release.xcconfig"; path = "Target Support Files/Pods-AppLab/Pods-AppLab.release.xcconfig"; sourceTree = "<group>"; };
		8CEAC339C57FA8C54EE5E025 /* Pods-AppLab-AppLabUITests.release.xcconfig */ = {isa = PBXFileReference; includeInIndex = 1; lastKnownFileType = text.xcconfig; name = "Pods-AppLab-AppLabUITests.release.xcconfig"; path = "Target Support Files/Pods-AppLab-AppLabUITests/Pods-AppLab-AppLabUITests.release.xcconfig"; sourceTree = "<group>"; };
		918F718C157FD1BA74ED814C /* libPods-AppLabTests.a */ = {isa = PBXFileReference; explicitFileType = archive.ar; includeInIndex = 0; path = "libPods-AppLabTests.a"; sourceTree = BUILT_PRODUCTS_DIR; };
		94E482546D3C829754B4F5FB /* libPods-AppLab.a */ = {isa = PBXFileReference; explicitFileType = archive.ar; includeInIndex = 0; path = "libPods-AppLab.a"; sourceTree = BUILT_PRODUCTS_DIR; };
		C2E25EBE970A7431CAD587F4 /* Pods-AppLab.debug.xcconfig */ = {isa = PBXFileReference; includeInIndex = 1; lastKnownFileType = text.xcconfig; name = "Pods-AppLab.debug.xcconfig"; path = "Target Support Files/Pods-AppLab/Pods-AppLab.debug.xcconfig"; sourceTree = "<group>"; };
		E0E148B1D6526D787B885891 /* Pods-AppLabTests.release.xcconfig */ = {isa = PBXFileReference; includeInIndex = 1; lastKnownFileType = text.xcconfig; name = "Pods-AppLabTests.release.xcconfig"; path = "Target Support Files/Pods-AppLabTests/Pods-AppLabTests.release.xcconfig"; sourceTree = "<group>"; };
/* End PBXFileReference section */

/* Begin PBXFrameworksBuildPhase section */
		3022C1EC27C36D0700EE60CC /* Frameworks */ = {
			isa = PBXFrameworksBuildPhase;
			buildActionMask = 2147483647;
			files = (
				94D267FD32A89B68532EAE03 /* libPods-AppLab.a in Frameworks */,
			);
			runOnlyForDeploymentPostprocessing = 0;
		};
		3022C20227C36D0C00EE60CC /* Frameworks */ = {
			isa = PBXFrameworksBuildPhase;
			buildActionMask = 2147483647;
			files = (
				CC9AF7D7ABC73354ED61E75B /* libPods-AppLabTests.a in Frameworks */,
			);
			runOnlyForDeploymentPostprocessing = 0;
		};
		3022C20C27C36D0C00EE60CC /* Frameworks */ = {
			isa = PBXFrameworksBuildPhase;
			buildActionMask = 2147483647;
			files = (
				9008985B68323EF9CCF2092E /* libPods-AppLab-AppLabUITests.a in Frameworks */,
			);
			runOnlyForDeploymentPostprocessing = 0;
		};
/* End PBXFrameworksBuildPhase section */

/* Begin PBXGroup section */
		0E012A164560AD11CD7DD156 /* Frameworks */ = {
			isa = PBXGroup;
			children = (
				94E482546D3C829754B4F5FB /* libPods-AppLab.a */,
				1AEDC7532D60DBFFA0A7AE51 /* libPods-AppLab-AppLabUITests.a */,
				918F718C157FD1BA74ED814C /* libPods-AppLabTests.a */,
			);
			name = Frameworks;
			sourceTree = "<group>";
		};
		301886B827C49FEE00CC3C66 /* NewFeedCell */ = {
			isa = PBXGroup;
			children = (
				301886B927C4A01B00CC3C66 /* NewFeedCell.swift */,
				301886BA27C4A01B00CC3C66 /* NewFeedCell.xib */,
			);
			path = NewFeedCell;
			sourceTree = "<group>";
		};
		301A663D27C4C33D00264F84 /* ChatRoom */ = {
			isa = PBXGroup;
			children = (
				301A664A27C4C39E00264F84 /* Model */,
				301A663E27C4C35A00264F84 /* ChatWorker.swift */,
				301A663F27C4C35A00264F84 /* ChatRouter.swift */,
				301A664027C4C35A00264F84 /* ChatViewController.swift */,
				301A664127C4C35A00264F84 /* ChatInteractor.swift */,
				301A664227C4C35A00264F84 /* ChatConfigurator.swift */,
				301A664327C4C35A00264F84 /* ChatViewController.xib */,
			);
			path = ChatRoom;
			sourceTree = "<group>";
		};
		301A664A27C4C39E00264F84 /* Model */ = {
			isa = PBXGroup;
			children = (
				301A664B27C4C3BC00264F84 /* MessageModels.swift */,
			);
			path = Model;
			sourceTree = "<group>";
		};
		3022C1E627C36D0700EE60CC = {
			isa = PBXGroup;
			children = (
				3022C1F127C36D0700EE60CC /* AppLab */,
				3022C20827C36D0C00EE60CC /* AppLabTests */,
				3022C21227C36D0C00EE60CC /* AppLabUITests */,
				3022C1F027C36D0700EE60CC /* Products */,
				A6EFA415961413D983C97568 /* Pods */,
				0E012A164560AD11CD7DD156 /* Frameworks */,
			);
			sourceTree = "<group>";
		};
		3022C1F027C36D0700EE60CC /* Products */ = {
			isa = PBXGroup;
			children = (
				3022C1EF27C36D0700EE60CC /* AppLab.app */,
				3022C20527C36D0C00EE60CC /* AppLabTests.xctest */,
				3022C20F27C36D0C00EE60CC /* AppLabUITests.xctest */,
			);
			name = Products;
			sourceTree = "<group>";
		};
		3022C1F127C36D0700EE60CC /* AppLab */ = {
			isa = PBXGroup;
			children = (
				307A75B327E36225005F9DF4 /* Support */,
				308F7F7C27E22D5900248150 /* TestExpoxy */,
				3026021A27D97B0700134DC8 /* RepoListModel */,
				3061A3D327D8D69100C4604B /* NewRoom */,
				307B226F27C5EF23003032BC /* SignUp */,
				301A663D27C4C33D00264F84 /* ChatRoom */,
				30B3A99C27C39BF7001D8A7F /* GoogleService-Info.plist */,
				30B3A98F27C39684001D8A7F /* NewFeed */,
				3022C22727C374ED00EE60CC /* LoginScreen */,
				3022C22227C36D1F00EE60CC /* Base */,
				3022C1F427C36D0700EE60CC /* SceneDelegate.swift */,
				3022C1F227C36D0700EE60CC /* AppDelegate.swift */,
				3022C1F627C36D0700EE60CC /* ViewController.swift */,
				3022C1F827C36D0700EE60CC /* Main.storyboard */,
				3022C1FB27C36D0C00EE60CC /* Assets.xcassets */,
				3022C1FD27C36D0C00EE60CC /* LaunchScreen.storyboard */,
				3022C20027C36D0C00EE60CC /* Info.plist */,
				3022C22527C36D8700EE60CC /* MyTheme.swift */,
			);
			path = AppLab;
			sourceTree = "<group>";
		};
		3022C20827C36D0C00EE60CC /* AppLabTests */ = {
			isa = PBXGroup;
			children = (
				3022C20927C36D0C00EE60CC /* AppLabTests.swift */,
			);
			path = AppLabTests;
			sourceTree = "<group>";
		};
		3022C21227C36D0C00EE60CC /* AppLabUITests */ = {
			isa = PBXGroup;
			children = (
				3022C21327C36D0C00EE60CC /* AppLabUITests.swift */,
				3022C21527C36D0C00EE60CC /* AppLabUITestsLaunchTests.swift */,
			);
			path = AppLabUITests;
			sourceTree = "<group>";
		};
		3022C22227C36D1F00EE60CC /* Base */ = {
			isa = PBXGroup;
			children = (
				307B227C27C5F4B0003032BC /* NavBar */,
				3022C23C27C37D9C00EE60CC /* FloatingTextFiel */,
				3022C22327C36D3B00EE60CC /* ThemeManager.swift */,
				3022C23A27C3758B00EE60CC /* BaseViewController.swift */,
				30B3A98B27C38BAB001D8A7F /* Extension+UIView.swift */,
				307A75B127E35E9C005F9DF4 /* BaseRequest.swift */,
				30B3A98D27C391D8001D8A7F /* GradientButton.swift */,
				30CD3AF927EB804600E4AD71 /* ExtensionString.swift */,
			);
			path = Base;
			sourceTree = "<group>";
		};
		3022C22727C374ED00EE60CC /* LoginScreen */ = {
			isa = PBXGroup;
			children = (
				3022C22E27C3756300EE60CC /* SignInWorker.swift */,
				3022C22F27C3756300EE60CC /* SignInRouter.swift */,
				3022C23027C3756300EE60CC /* SignInViewController.swift */,
				3022C23127C3756300EE60CC /* SignInInteractor.swift */,
				3022C23227C3756300EE60CC /* SignInConfigurator.swift */,
				3022C23327C3756300EE60CC /* SignInViewController.xib */,
			);
			path = LoginScreen;
			sourceTree = "<group>";
		};
		3022C23C27C37D9C00EE60CC /* FloatingTextFiel */ = {
			isa = PBXGroup;
			children = (
				3022C23D27C37DED00EE60CC /* UIFloatingTextField.swift */,
				3022C23F27C37DFB00EE60CC /* UIFloatingTextField.xib */,
			);
			path = FloatingTextFiel;
			sourceTree = "<group>";
		};
		3026021727D8EB0F00134DC8 /* Models */ = {
			isa = PBXGroup;
			children = (
				3026021827D8EB2800134DC8 /* NewRoomModel.swift */,
			);
			path = Models;
			sourceTree = "<group>";
		};
		3026021A27D97B0700134DC8 /* RepoListModel */ = {
			isa = PBXGroup;
			children = (
				3026021B27D97B2000134DC8 /* RepoListModel.swift */,
				3026021D27D97C6500134DC8 /* RepoViewController.swift */,
				3026021E27D97C6500134DC8 /* RepoViewController.xib */,
			);
			path = RepoListModel;
			sourceTree = "<group>";
		};
		3061A3D327D8D69100C4604B /* NewRoom */ = {
			isa = PBXGroup;
			children = (
				3026021727D8EB0F00134DC8 /* Models */,
				3061A3D427D8D6C900C4604B /* NewRoomWorker.swift */,
				3061A3D527D8D6C900C4604B /* NewRoomRouter.swift */,
				3061A3D627D8D6C900C4604B /* NewRoomViewController.swift */,
				3061A3D727D8D6C900C4604B /* NewRoomInteractor.swift */,
				3061A3D827D8D6C900C4604B /* NewRoomConfigurator.swift */,
				3061A3D927D8D6C900C4604B /* NewRoomViewController.xib */,
			);
			path = NewRoom;
			sourceTree = "<group>";
		};
		307A75B327E36225005F9DF4 /* Support */ = {
			isa = PBXGroup;
			children = (
				30D0A0BD27E7497600A5ED8B /* SupportCovid */,
				308C8A2D27E4F4A5008623A3 /* Cell */,
				307A75BA27E362B4005F9DF4 /* Models */,
				307A75B427E36247005F9DF4 /* SupportVC.swift */,
				307A75B527E36247005F9DF4 /* SupportVC.xib */,
				307A75B827E36276005F9DF4 /* SupportWorker.swift */,
				307A75BD27E365F6005F9DF4 /* SupportViewModel.swift */,
			);
			path = Support;
			sourceTree = "<group>";
		};
		307A75BA27E362B4005F9DF4 /* Models */ = {
			isa = PBXGroup;
			children = (
				307A75BB27E362EE005F9DF4 /* ProductModel.swift */,
				30D0A0C027E7540900A5ED8B /* SectionModel.swift */,
			);
			path = Models;
			sourceTree = "<group>";
		};
		307B226F27C5EF23003032BC /* SignUp */ = {
			isa = PBXGroup;
			children = (
				307B227027C5EF64003032BC /* SignUpWorker.swift */,
				307B227127C5EF64003032BC /* SignUpRouter.swift */,
				307B227227C5EF64003032BC /* SignUpViewController.swift */,
				307B227327C5EF64003032BC /* SignUpInteractor.swift */,
				307B227427C5EF64003032BC /* SignUpConfigurator.swift */,
				307B227527C5EF64003032BC /* SignUpViewController.xib */,
			);
			path = SignUp;
			sourceTree = "<group>";
		};
		307B227C27C5F4B0003032BC /* NavBar */ = {
			isa = PBXGroup;
			children = (
				307B227D27C5F4DA003032BC /* NavBarView.swift */,
				307B227F27C5F4E6003032BC /* NavBarView.xib */,
			);
			path = NavBar;
			sourceTree = "<group>";
		};
		307B228127C6086F003032BC /* Header */ = {
			isa = PBXGroup;
			children = (
				307B228227C6088D003032BC /* NewFeedHeaderView.xib */,
				307B228427C60A5E003032BC /* NewFeedHeaderView.swift */,
				307B228927C60B45003032BC /* NewFeedHeaderCell.swift */,
				307B228A27C60B45003032BC /* NewFeedHeaderCell.xib */,
			);
			path = Header;
			sourceTree = "<group>";
		};
		307B228627C60ABE003032BC /* Model */ = {
			isa = PBXGroup;
			children = (
				307B228727C60ADA003032BC /* UserModel.swift */,
			);
			path = Model;
			sourceTree = "<group>";
		};
		3088F12E27EA8D580026E510 /* UIComponent */ = {
			isa = PBXGroup;
			children = (
				30C665A727EDD8CC00664A03 /* SourceAccount */,
				30C665A227EDD7D400664A03 /* Des */,
			);
			path = UIComponent;
			sourceTree = "<group>";
		};
		308C8A2D27E4F4A5008623A3 /* Cell */ = {
			isa = PBXGroup;
			children = (
				308C8A2E27E4F4DA008623A3 /* ProductCell.swift */,
				308C8A2F27E4F4DA008623A3 /* ProductCell.xib */,
			);
			path = Cell;
			sourceTree = "<group>";
		};
		308F7F7C27E22D5900248150 /* TestExpoxy */ = {
			isa = PBXGroup;
			children = (
			);
			path = TestExpoxy;
			sourceTree = "<group>";
		};
		30B3A98F27C39684001D8A7F /* NewFeed */ = {
			isa = PBXGroup;
			children = (
				307B228627C60ABE003032BC /* Model */,
				307B228127C6086F003032BC /* Header */,
				301886B827C49FEE00CC3C66 /* NewFeedCell */,
				30B3A99027C3975B001D8A7F /* NewFeedWorker.swift */,
				30B3A99127C3975B001D8A7F /* NewFeedRouter.swift */,
				30B3A99227C3975B001D8A7F /* NewFeedViewController.swift */,
				30B3A99327C3975B001D8A7F /* NewFeedInteractor.swift */,
				30B3A99427C3975B001D8A7F /* NewFeedConfigurator.swift */,
				30B3A99527C3975B001D8A7F /* NewFeedViewController.xib */,
			);
			path = NewFeed;
			sourceTree = "<group>";
		};
		30C665A227EDD7D400664A03 /* Des */ = {
			isa = PBXGroup;
			children = (
				3088F12F27EA8DA90026E510 /* DesViewComponent.swift */,
				3088F13127EA8DBA0026E510 /* DesViewComponent.xib */,
				30C665A327EDD87900664A03 /* DesComponentCell.swift */,
				30C665A427EDD87900664A03 /* DesComponentCell.xib */,
			);
			path = Des;
			sourceTree = "<group>";
		};
		30C665A727EDD8CC00664A03 /* SourceAccount */ = {
			isa = PBXGroup;
			children = (
				30C665A827EDD92C00664A03 /* SourceAccountCell.swift */,
				30C665A927EDD92C00664A03 /* SourceAccountCell.xib */,
			);
			path = SourceAccount;
			sourceTree = "<group>";
		};
		30D0A0BD27E7497600A5ED8B /* SupportCovid */ = {
			isa = PBXGroup;
			children = (
				3088F12E27EA8D580026E510 /* UIComponent */,
				30D0A0BE27E751A100A5ED8B /* SupportCovidWorker.swift */,
				30D0A0C227E7630E00A5ED8B /* SupportCovidVC.swift */,
				30D0A0C327E7630E00A5ED8B /* SupportCovidVC.xib */,
			);
			path = SupportCovid;
			sourceTree = "<group>";
		};
		A6EFA415961413D983C97568 /* Pods */ = {
			isa = PBXGroup;
			children = (
				C2E25EBE970A7431CAD587F4 /* Pods-AppLab.debug.xcconfig */,
				5598A321438F75763BE1AF4F /* Pods-AppLab.release.xcconfig */,
				25AAEFFCDCA81FA1D0B12B86 /* Pods-AppLab-AppLabUITests.debug.xcconfig */,
				8CEAC339C57FA8C54EE5E025 /* Pods-AppLab-AppLabUITests.release.xcconfig */,
				5209CB58D87A2BD7B379CFC4 /* Pods-AppLabTests.debug.xcconfig */,
				E0E148B1D6526D787B885891 /* Pods-AppLabTests.release.xcconfig */,
			);
			path = Pods;
			sourceTree = "<group>";
		};
/* End PBXGroup section */

/* Begin PBXNativeTarget section */
		3022C1EE27C36D0700EE60CC /* AppLab */ = {
			isa = PBXNativeTarget;
			buildConfigurationList = 3022C21927C36D0C00EE60CC /* Build configuration list for PBXNativeTarget "AppLab" */;
			buildPhases = (
				CC0AFBB4ED8AA4DB5CF0B2D8 /* [CP] Check Pods Manifest.lock */,
				3022C1EB27C36D0700EE60CC /* Sources */,
				3022C1EC27C36D0700EE60CC /* Frameworks */,
				3022C1ED27C36D0700EE60CC /* Resources */,
				DBDD9DCA5CF2B155F8BF81AE /* [CP] Copy Pods Resources */,
			);
			buildRules = (
			);
			dependencies = (
			);
			name = AppLab;
			productName = AppLab;
			productReference = 3022C1EF27C36D0700EE60CC /* AppLab.app */;
			productType = "com.apple.product-type.application";
		};
		3022C20427C36D0C00EE60CC /* AppLabTests */ = {
			isa = PBXNativeTarget;
			buildConfigurationList = 3022C21C27C36D0C00EE60CC /* Build configuration list for PBXNativeTarget "AppLabTests" */;
			buildPhases = (
				65F7B0A09746A96DD3FC8961 /* [CP] Check Pods Manifest.lock */,
				3022C20127C36D0C00EE60CC /* Sources */,
				3022C20227C36D0C00EE60CC /* Frameworks */,
				3022C20327C36D0C00EE60CC /* Resources */,
			);
			buildRules = (
			);
			dependencies = (
				3022C20727C36D0C00EE60CC /* PBXTargetDependency */,
			);
			name = AppLabTests;
			productName = AppLabTests;
			productReference = 3022C20527C36D0C00EE60CC /* AppLabTests.xctest */;
			productType = "com.apple.product-type.bundle.unit-test";
		};
		3022C20E27C36D0C00EE60CC /* AppLabUITests */ = {
			isa = PBXNativeTarget;
			buildConfigurationList = 3022C21F27C36D0C00EE60CC /* Build configuration list for PBXNativeTarget "AppLabUITests" */;
			buildPhases = (
				56C1A8A265DFF80AAAA3499D /* [CP] Check Pods Manifest.lock */,
				3022C20B27C36D0C00EE60CC /* Sources */,
				3022C20C27C36D0C00EE60CC /* Frameworks */,
				3022C20D27C36D0C00EE60CC /* Resources */,
				A18883484FC09CFB34DCDC1A /* [CP] Copy Pods Resources */,
			);
			buildRules = (
			);
			dependencies = (
				3022C21127C36D0C00EE60CC /* PBXTargetDependency */,
			);
			name = AppLabUITests;
			productName = AppLabUITests;
			productReference = 3022C20F27C36D0C00EE60CC /* AppLabUITests.xctest */;
			productType = "com.apple.product-type.bundle.ui-testing";
		};
/* End PBXNativeTarget section */

/* Begin PBXProject section */
		3022C1E727C36D0700EE60CC /* Project object */ = {
			isa = PBXProject;
			attributes = {
				BuildIndependentTargetsInParallel = 1;
				LastSwiftUpdateCheck = 1310;
				LastUpgradeCheck = 1310;
				TargetAttributes = {
					3022C1EE27C36D0700EE60CC = {
						CreatedOnToolsVersion = 13.1;
					};
					3022C20427C36D0C00EE60CC = {
						CreatedOnToolsVersion = 13.1;
						TestTargetID = 3022C1EE27C36D0700EE60CC;
					};
					3022C20E27C36D0C00EE60CC = {
						CreatedOnToolsVersion = 13.1;
						TestTargetID = 3022C1EE27C36D0700EE60CC;
					};
				};
			};
			buildConfigurationList = 3022C1EA27C36D0700EE60CC /* Build configuration list for PBXProject "AppLab" */;
			compatibilityVersion = "Xcode 13.0";
			developmentRegion = en;
			hasScannedForEncodings = 0;
			knownRegions = (
				en,
				Base,
			);
			mainGroup = 3022C1E627C36D0700EE60CC;
			productRefGroup = 3022C1F027C36D0700EE60CC /* Products */;
			projectDirPath = "";
			projectRoot = "";
			targets = (
				3022C1EE27C36D0700EE60CC /* AppLab */,
				3022C20427C36D0C00EE60CC /* AppLabTests */,
				3022C20E27C36D0C00EE60CC /* AppLabUITests */,
			);
		};
/* End PBXProject section */

/* Begin PBXResourcesBuildPhase section */
		3022C1ED27C36D0700EE60CC /* Resources */ = {
			isa = PBXResourcesBuildPhase;
			buildActionMask = 2147483647;
			files = (
				3022C23927C3756300EE60CC /* SignInViewController.xib in Resources */,
				308C8A3127E4F4DA008623A3 /* ProductCell.xib in Resources */,
				30B3A99B27C3975B001D8A7F /* NewFeedViewController.xib in Resources */,
				3026022027D97C6600134DC8 /* RepoViewController.xib in Resources */,
				30C665A627EDD87900664A03 /* DesComponentCell.xib in Resources */,
				3061A3DF27D8D6C900C4604B /* NewRoomViewController.xib in Resources */,
				301A664927C4C35A00264F84 /* ChatViewController.xib in Resources */,
				3022C1FF27C36D0C00EE60CC /* LaunchScreen.storyboard in Resources */,
				307B228027C5F4E6003032BC /* NavBarView.xib in Resources */,
				307B228327C6088D003032BC /* NewFeedHeaderView.xib in Resources */,
				307B227B27C5EF64003032BC /* SignUpViewController.xib in Resources */,
				3022C24027C37DFB00EE60CC /* UIFloatingTextField.xib in Resources */,
				30C665AB27EDD92C00664A03 /* SourceAccountCell.xib in Resources */,
				3022C1FA27C36D0700EE60CC /* Main.storyboard in Resources */,
				307B228C27C60B45003032BC /* NewFeedHeaderCell.xib in Resources */,
				3088F13227EA8DBA0026E510 /* DesViewComponent.xib in Resources */,
				30D0A0C527E7630E00A5ED8B /* SupportCovidVC.xib in Resources */,
				301886BC27C4A01B00CC3C66 /* NewFeedCell.xib in Resources */,
				30B3A99D27C39BF7001D8A7F /* GoogleService-Info.plist in Resources */,
				307A75B727E36248005F9DF4 /* SupportVC.xib in Resources */,
			);
			runOnlyForDeploymentPostprocessing = 0;
		};
		3022C20327C36D0C00EE60CC /* Resources */ = {
			isa = PBXResourcesBuildPhase;
			buildActionMask = 2147483647;
			files = (
			);
			runOnlyForDeploymentPostprocessing = 0;
		};
		3022C20D27C36D0C00EE60CC /* Resources */ = {
			isa = PBXResourcesBuildPhase;
			buildActionMask = 2147483647;
			files = (
			);
			runOnlyForDeploymentPostprocessing = 0;
		};
/* End PBXResourcesBuildPhase section */

/* Begin PBXShellScriptBuildPhase section */
		56C1A8A265DFF80AAAA3499D /* [CP] Check Pods Manifest.lock */ = {
			isa = PBXShellScriptBuildPhase;
			buildActionMask = 2147483647;
			files = (
			);
			inputFileListPaths = (
			);
			inputPaths = (
				"${PODS_PODFILE_DIR_PATH}/Podfile.lock",
				"${PODS_ROOT}/Manifest.lock",
			);
			name = "[CP] Check Pods Manifest.lock";
			outputFileListPaths = (
			);
			outputPaths = (
				"$(DERIVED_FILE_DIR)/Pods-AppLab-AppLabUITests-checkManifestLockResult.txt",
			);
			runOnlyForDeploymentPostprocessing = 0;
			shellPath = /bin/sh;
			shellScript = "diff \"${PODS_PODFILE_DIR_PATH}/Podfile.lock\" \"${PODS_ROOT}/Manifest.lock\" > /dev/null\nif [ $? != 0 ] ; then\n    # print error to STDERR\n    echo \"error: The sandbox is not in sync with the Podfile.lock. Run 'pod install' or update your CocoaPods installation.\" >&2\n    exit 1\nfi\n# This output is used by Xcode 'outputs' to avoid re-running this script phase.\necho \"SUCCESS\" > \"${SCRIPT_OUTPUT_FILE_0}\"\n";
			showEnvVarsInLog = 0;
		};
		65F7B0A09746A96DD3FC8961 /* [CP] Check Pods Manifest.lock */ = {
			isa = PBXShellScriptBuildPhase;
			buildActionMask = 2147483647;
			files = (
			);
			inputFileListPaths = (
			);
			inputPaths = (
				"${PODS_PODFILE_DIR_PATH}/Podfile.lock",
				"${PODS_ROOT}/Manifest.lock",
			);
			name = "[CP] Check Pods Manifest.lock";
			outputFileListPaths = (
			);
			outputPaths = (
				"$(DERIVED_FILE_DIR)/Pods-AppLabTests-checkManifestLockResult.txt",
			);
			runOnlyForDeploymentPostprocessing = 0;
			shellPath = /bin/sh;
			shellScript = "diff \"${PODS_PODFILE_DIR_PATH}/Podfile.lock\" \"${PODS_ROOT}/Manifest.lock\" > /dev/null\nif [ $? != 0 ] ; then\n    # print error to STDERR\n    echo \"error: The sandbox is not in sync with the Podfile.lock. Run 'pod install' or update your CocoaPods installation.\" >&2\n    exit 1\nfi\n# This output is used by Xcode 'outputs' to avoid re-running this script phase.\necho \"SUCCESS\" > \"${SCRIPT_OUTPUT_FILE_0}\"\n";
			showEnvVarsInLog = 0;
		};
		A18883484FC09CFB34DCDC1A /* [CP] Copy Pods Resources */ = {
			isa = PBXShellScriptBuildPhase;
			buildActionMask = 2147483647;
			files = (
			);
			inputFileListPaths = (
				"${PODS_ROOT}/Target Support Files/Pods-AppLab-AppLabUITests/Pods-AppLab-AppLabUITests-resources-${CONFIGURATION}-input-files.xcfilelist",
			);
			name = "[CP] Copy Pods Resources";
			outputFileListPaths = (
				"${PODS_ROOT}/Target Support Files/Pods-AppLab-AppLabUITests/Pods-AppLab-AppLabUITests-resources-${CONFIGURATION}-output-files.xcfilelist",
			);
			runOnlyForDeploymentPostprocessing = 0;
			shellPath = /bin/sh;
			shellScript = "\"${PODS_ROOT}/Target Support Files/Pods-AppLab-AppLabUITests/Pods-AppLab-AppLabUITests-resources.sh\"\n";
			showEnvVarsInLog = 0;
		};
		CC0AFBB4ED8AA4DB5CF0B2D8 /* [CP] Check Pods Manifest.lock */ = {
			isa = PBXShellScriptBuildPhase;
			buildActionMask = 2147483647;
			files = (
			);
			inputFileListPaths = (
			);
			inputPaths = (
				"${PODS_PODFILE_DIR_PATH}/Podfile.lock",
				"${PODS_ROOT}/Manifest.lock",
			);
			name = "[CP] Check Pods Manifest.lock";
			outputFileListPaths = (
			);
			outputPaths = (
				"$(DERIVED_FILE_DIR)/Pods-AppLab-checkManifestLockResult.txt",
			);
			runOnlyForDeploymentPostprocessing = 0;
			shellPath = /bin/sh;
			shellScript = "diff \"${PODS_PODFILE_DIR_PATH}/Podfile.lock\" \"${PODS_ROOT}/Manifest.lock\" > /dev/null\nif [ $? != 0 ] ; then\n    # print error to STDERR\n    echo \"error: The sandbox is not in sync with the Podfile.lock. Run 'pod install' or update your CocoaPods installation.\" >&2\n    exit 1\nfi\n# This output is used by Xcode 'outputs' to avoid re-running this script phase.\necho \"SUCCESS\" > \"${SCRIPT_OUTPUT_FILE_0}\"\n";
			showEnvVarsInLog = 0;
		};
		DBDD9DCA5CF2B155F8BF81AE /* [CP] Copy Pods Resources */ = {
			isa = PBXShellScriptBuildPhase;
			buildActionMask = 2147483647;
			files = (
			);
			inputFileListPaths = (
				"${PODS_ROOT}/Target Support Files/Pods-AppLab/Pods-AppLab-resources-${CONFIGURATION}-input-files.xcfilelist",
			);
			name = "[CP] Copy Pods Resources";
			outputFileListPaths = (
				"${PODS_ROOT}/Target Support Files/Pods-AppLab/Pods-AppLab-resources-${CONFIGURATION}-output-files.xcfilelist",
			);
			runOnlyForDeploymentPostprocessing = 0;
			shellPath = /bin/sh;
			shellScript = "\"${PODS_ROOT}/Target Support Files/Pods-AppLab/Pods-AppLab-resources.sh\"\n";
			showEnvVarsInLog = 0;
		};
/* End PBXShellScriptBuildPhase section */

/* Begin PBXSourcesBuildPhase section */
		3022C1EB27C36D0700EE60CC /* Sources */ = {
			isa = PBXSourcesBuildPhase;
			buildActionMask = 2147483647;
			files = (
				307B227E27C5F4DA003032BC /* NavBarView.swift in Sources */,
				3022C1F727C36D0700EE60CC /* ViewController.swift in Sources */,
				3022C23427C3756300EE60CC /* SignInWorker.swift in Sources */,
				3022C23B27C3758B00EE60CC /* BaseViewController.swift in Sources */,
				307B228527C60A5E003032BC /* NewFeedHeaderView.swift in Sources */,
				30D0A0BF27E751A100A5ED8B /* SupportCovidWorker.swift in Sources */,
				30D0A0C427E7630E00A5ED8B /* SupportCovidVC.swift in Sources */,
				3026021927D8EB2800134DC8 /* NewRoomModel.swift in Sources */,
				3022C23827C3756300EE60CC /* SignInConfigurator.swift in Sources */,
				3061A3DE27D8D6C900C4604B /* NewRoomConfigurator.swift in Sources */,
				3022C22627C36D8700EE60CC /* MyTheme.swift in Sources */,
				30B3A99927C3975B001D8A7F /* NewFeedInteractor.swift in Sources */,
				307B228827C60ADA003032BC /* UserModel.swift in Sources */,
				307A75BE27E365F7005F9DF4 /* SupportViewModel.swift in Sources */,
				30B3A99627C3975B001D8A7F /* NewFeedWorker.swift in Sources */,
				3061A3DC27D8D6C900C4604B /* NewRoomViewController.swift in Sources */,
				30C665AA27EDD92C00664A03 /* SourceAccountCell.swift in Sources */,
				301A664C27C4C3BC00264F84 /* MessageModels.swift in Sources */,
				3061A3DD27D8D6C900C4604B /* NewRoomInteractor.swift in Sources */,
				3022C23527C3756300EE60CC /* SignInRouter.swift in Sources */,
				3022C23627C3756300EE60CC /* SignInViewController.swift in Sources */,
				307A75B927E36276005F9DF4 /* SupportWorker.swift in Sources */,
				30C665A527EDD87900664A03 /* DesComponentCell.swift in Sources */,
				30B3A98E27C391D8001D8A7F /* GradientButton.swift in Sources */,
				3022C1F327C36D0700EE60CC /* AppDelegate.swift in Sources */,
				3022C1F527C36D0700EE60CC /* SceneDelegate.swift in Sources */,
				307B227627C5EF64003032BC /* SignUpWorker.swift in Sources */,
				301A664427C4C35A00264F84 /* ChatWorker.swift in Sources */,
				3022C22427C36D3B00EE60CC /* ThemeManager.swift in Sources */,
				3026021C27D97B2100134DC8 /* RepoListModel.swift in Sources */,
				308C8A3027E4F4DA008623A3 /* ProductCell.swift in Sources */,
				3026021F27D97C6500134DC8 /* RepoViewController.swift in Sources */,
				3061A3DA27D8D6C900C4604B /* NewRoomWorker.swift in Sources */,
				307B227827C5EF64003032BC /* SignUpViewController.swift in Sources */,
				3061A3DB27D8D6C900C4604B /* NewRoomRouter.swift in Sources */,
				30D0A0C127E7540900A5ED8B /* SectionModel.swift in Sources */,
				307B227727C5EF64003032BC /* SignUpRouter.swift in Sources */,
				301A664527C4C35A00264F84 /* ChatRouter.swift in Sources */,
				3022C23727C3756300EE60CC /* SignInInteractor.swift in Sources */,
				301A664627C4C35A00264F84 /* ChatViewController.swift in Sources */,
				307A75B627E36247005F9DF4 /* SupportVC.swift in Sources */,
				307A75BC27E362EE005F9DF4 /* ProductModel.swift in Sources */,
				301886BB27C4A01B00CC3C66 /* NewFeedCell.swift in Sources */,
				301A664727C4C35A00264F84 /* ChatInteractor.swift in Sources */,
				307A75B227E35E9C005F9DF4 /* BaseRequest.swift in Sources */,
				30B3A99727C3975B001D8A7F /* NewFeedRouter.swift in Sources */,
				3022C23E27C37DED00EE60CC /* UIFloatingTextField.swift in Sources */,
				30B3A99827C3975B001D8A7F /* NewFeedViewController.swift in Sources */,
				3088F13027EA8DA90026E510 /* DesViewComponent.swift in Sources */,
				30B3A99A27C3975B001D8A7F /* NewFeedConfigurator.swift in Sources */,
				307B227A27C5EF64003032BC /* SignUpConfigurator.swift in Sources */,
				30B3A98C27C38BAB001D8A7F /* Extension+UIView.swift in Sources */,
				30CD3AFA27EB804600E4AD71 /* ExtensionString.swift in Sources */,
				307B227927C5EF64003032BC /* SignUpInteractor.swift in Sources */,
				307B228B27C60B45003032BC /* NewFeedHeaderCell.swift in Sources */,
				301A664827C4C35A00264F84 /* ChatConfigurator.swift in Sources */,
			);
			runOnlyForDeploymentPostprocessing = 0;
		};
		3022C20127C36D0C00EE60CC /* Sources */ = {
			isa = PBXSourcesBuildPhase;
			buildActionMask = 2147483647;
			files = (
				3022C20A27C36D0C00EE60CC /* AppLabTests.swift in Sources */,
			);
			runOnlyForDeploymentPostprocessing = 0;
		};
		3022C20B27C36D0C00EE60CC /* Sources */ = {
			isa = PBXSourcesBuildPhase;
			buildActionMask = 2147483647;
			files = (
				3022C21627C36D0C00EE60CC /* AppLabUITestsLaunchTests.swift in Sources */,
				3022C21427C36D0C00EE60CC /* AppLabUITests.swift in Sources */,
			);
			runOnlyForDeploymentPostprocessing = 0;
		};
/* End PBXSourcesBuildPhase section */

/* Begin PBXTargetDependency section */
		3022C20727C36D0C00EE60CC /* PBXTargetDependency */ = {
			isa = PBXTargetDependency;
			target = 3022C1EE27C36D0700EE60CC /* AppLab */;
			targetProxy = 3022C20627C36D0C00EE60CC /* PBXContainerItemProxy */;
		};
		3022C21127C36D0C00EE60CC /* PBXTargetDependency */ = {
			isa = PBXTargetDependency;
			target = 3022C1EE27C36D0700EE60CC /* AppLab */;
			targetProxy = 3022C21027C36D0C00EE60CC /* PBXContainerItemProxy */;
		};
/* End PBXTargetDependency section */

/* Begin PBXVariantGroup section */
		3022C1F827C36D0700EE60CC /* Main.storyboard */ = {
			isa = PBXVariantGroup;
			children = (
				3022C1F927C36D0700EE60CC /* Base */,
			);
			name = Main.storyboard;
			sourceTree = "<group>";
		};
		3022C1FD27C36D0C00EE60CC /* LaunchScreen.storyboard */ = {
			isa = PBXVariantGroup;
			children = (
				3022C1FE27C36D0C00EE60CC /* Base */,
			);
			name = LaunchScreen.storyboard;
			sourceTree = "<group>";
		};
/* End PBXVariantGroup section */

/* Begin XCBuildConfiguration section */
		3022C21727C36D0C00EE60CC /* Debug */ = {
			isa = XCBuildConfiguration;
			buildSettings = {
				ALWAYS_SEARCH_USER_PATHS = NO;
				CLANG_ANALYZER_NONNULL = YES;
				CLANG_ANALYZER_NUMBER_OBJECT_CONVERSION = YES_AGGRESSIVE;
				CLANG_CXX_LANGUAGE_STANDARD = "gnu++17";
				CLANG_CXX_LIBRARY = "libc++";
				CLANG_ENABLE_MODULES = YES;
				CLANG_ENABLE_OBJC_ARC = YES;
				CLANG_ENABLE_OBJC_WEAK = YES;
				CLANG_WARN_BLOCK_CAPTURE_AUTORELEASING = YES;
				CLANG_WARN_BOOL_CONVERSION = YES;
				CLANG_WARN_COMMA = YES;
				CLANG_WARN_CONSTANT_CONVERSION = YES;
				CLANG_WARN_DEPRECATED_OBJC_IMPLEMENTATIONS = YES;
				CLANG_WARN_DIRECT_OBJC_ISA_USAGE = YES_ERROR;
				CLANG_WARN_DOCUMENTATION_COMMENTS = YES;
				CLANG_WARN_EMPTY_BODY = YES;
				CLANG_WARN_ENUM_CONVERSION = YES;
				CLANG_WARN_INFINITE_RECURSION = YES;
				CLANG_WARN_INT_CONVERSION = YES;
				CLANG_WARN_NON_LITERAL_NULL_CONVERSION = YES;
				CLANG_WARN_OBJC_IMPLICIT_RETAIN_SELF = YES;
				CLANG_WARN_OBJC_LITERAL_CONVERSION = YES;
				CLANG_WARN_OBJC_ROOT_CLASS = YES_ERROR;
				CLANG_WARN_QUOTED_INCLUDE_IN_FRAMEWORK_HEADER = YES;
				CLANG_WARN_RANGE_LOOP_ANALYSIS = YES;
				CLANG_WARN_STRICT_PROTOTYPES = YES;
				CLANG_WARN_SUSPICIOUS_MOVE = YES;
				CLANG_WARN_UNGUARDED_AVAILABILITY = YES_AGGRESSIVE;
				CLANG_WARN_UNREACHABLE_CODE = YES;
				CLANG_WARN__DUPLICATE_METHOD_MATCH = YES;
				COPY_PHASE_STRIP = NO;
				DEBUG_INFORMATION_FORMAT = dwarf;
				ENABLE_STRICT_OBJC_MSGSEND = YES;
				ENABLE_TESTABILITY = YES;
				GCC_C_LANGUAGE_STANDARD = gnu11;
				GCC_DYNAMIC_NO_PIC = NO;
				GCC_NO_COMMON_BLOCKS = YES;
				GCC_OPTIMIZATION_LEVEL = 0;
				GCC_PREPROCESSOR_DEFINITIONS = (
					"DEBUG=1",
					"$(inherited)",
				);
				GCC_WARN_64_TO_32_BIT_CONVERSION = YES;
				GCC_WARN_ABOUT_RETURN_TYPE = YES_ERROR;
				GCC_WARN_UNDECLARED_SELECTOR = YES;
				GCC_WARN_UNINITIALIZED_AUTOS = YES_AGGRESSIVE;
				GCC_WARN_UNUSED_FUNCTION = YES;
				GCC_WARN_UNUSED_VARIABLE = YES;
				IPHONEOS_DEPLOYMENT_TARGET = 15.0;
				MTL_ENABLE_DEBUG_INFO = INCLUDE_SOURCE;
				MTL_FAST_MATH = YES;
				ONLY_ACTIVE_ARCH = YES;
				SDKROOT = iphoneos;
				SWIFT_ACTIVE_COMPILATION_CONDITIONS = DEBUG;
				SWIFT_OPTIMIZATION_LEVEL = "-Onone";
			};
			name = Debug;
		};
		3022C21827C36D0C00EE60CC /* Release */ = {
			isa = XCBuildConfiguration;
			buildSettings = {
				ALWAYS_SEARCH_USER_PATHS = NO;
				CLANG_ANALYZER_NONNULL = YES;
				CLANG_ANALYZER_NUMBER_OBJECT_CONVERSION = YES_AGGRESSIVE;
				CLANG_CXX_LANGUAGE_STANDARD = "gnu++17";
				CLANG_CXX_LIBRARY = "libc++";
				CLANG_ENABLE_MODULES = YES;
				CLANG_ENABLE_OBJC_ARC = YES;
				CLANG_ENABLE_OBJC_WEAK = YES;
				CLANG_WARN_BLOCK_CAPTURE_AUTORELEASING = YES;
				CLANG_WARN_BOOL_CONVERSION = YES;
				CLANG_WARN_COMMA = YES;
				CLANG_WARN_CONSTANT_CONVERSION = YES;
				CLANG_WARN_DEPRECATED_OBJC_IMPLEMENTATIONS = YES;
				CLANG_WARN_DIRECT_OBJC_ISA_USAGE = YES_ERROR;
				CLANG_WARN_DOCUMENTATION_COMMENTS = YES;
				CLANG_WARN_EMPTY_BODY = YES;
				CLANG_WARN_ENUM_CONVERSION = YES;
				CLANG_WARN_INFINITE_RECURSION = YES;
				CLANG_WARN_INT_CONVERSION = YES;
				CLANG_WARN_NON_LITERAL_NULL_CONVERSION = YES;
				CLANG_WARN_OBJC_IMPLICIT_RETAIN_SELF = YES;
				CLANG_WARN_OBJC_LITERAL_CONVERSION = YES;
				CLANG_WARN_OBJC_ROOT_CLASS = YES_ERROR;
				CLANG_WARN_QUOTED_INCLUDE_IN_FRAMEWORK_HEADER = YES;
				CLANG_WARN_RANGE_LOOP_ANALYSIS = YES;
				CLANG_WARN_STRICT_PROTOTYPES = YES;
				CLANG_WARN_SUSPICIOUS_MOVE = YES;
				CLANG_WARN_UNGUARDED_AVAILABILITY = YES_AGGRESSIVE;
				CLANG_WARN_UNREACHABLE_CODE = YES;
				CLANG_WARN__DUPLICATE_METHOD_MATCH = YES;
				COPY_PHASE_STRIP = NO;
				DEBUG_INFORMATION_FORMAT = "dwarf-with-dsym";
				ENABLE_NS_ASSERTIONS = NO;
				ENABLE_STRICT_OBJC_MSGSEND = YES;
				GCC_C_LANGUAGE_STANDARD = gnu11;
				GCC_NO_COMMON_BLOCKS = YES;
				GCC_WARN_64_TO_32_BIT_CONVERSION = YES;
				GCC_WARN_ABOUT_RETURN_TYPE = YES_ERROR;
				GCC_WARN_UNDECLARED_SELECTOR = YES;
				GCC_WARN_UNINITIALIZED_AUTOS = YES_AGGRESSIVE;
				GCC_WARN_UNUSED_FUNCTION = YES;
				GCC_WARN_UNUSED_VARIABLE = YES;
				IPHONEOS_DEPLOYMENT_TARGET = 15.0;
				MTL_ENABLE_DEBUG_INFO = NO;
				MTL_FAST_MATH = YES;
				SDKROOT = iphoneos;
				SWIFT_COMPILATION_MODE = wholemodule;
				SWIFT_OPTIMIZATION_LEVEL = "-O";
				VALIDATE_PRODUCT = YES;
			};
			name = Release;
		};
		3022C21A27C36D0C00EE60CC /* Debug */ = {
			isa = XCBuildConfiguration;
			baseConfigurationReference = C2E25EBE970A7431CAD587F4 /* Pods-AppLab.debug.xcconfig */;
			buildSettings = {
				ASSETCATALOG_COMPILER_APPICON_NAME = AppIcon;
				ASSETCATALOG_COMPILER_GLOBAL_ACCENT_COLOR_NAME = AccentColor;
				CODE_SIGN_STYLE = Automatic;
				CURRENT_PROJECT_VERSION = 1;
				DEVELOPMENT_TEAM = VE4B6ZGW6Y;
				GENERATE_INFOPLIST_FILE = YES;
				INFOPLIST_FILE = AppLab/Info.plist;
				INFOPLIST_KEY_UIApplicationSupportsIndirectInputEvents = YES;
				INFOPLIST_KEY_UILaunchStoryboardName = LaunchScreen;
				INFOPLIST_KEY_UIMainStoryboardFile = Main;
				INFOPLIST_KEY_UISupportedInterfaceOrientations_iPad = "UIInterfaceOrientationPortrait UIInterfaceOrientationPortraitUpsideDown UIInterfaceOrientationLandscapeLeft UIInterfaceOrientationLandscapeRight";
				INFOPLIST_KEY_UISupportedInterfaceOrientations_iPhone = "UIInterfaceOrientationPortrait UIInterfaceOrientationLandscapeLeft UIInterfaceOrientationLandscapeRight";
				IPHONEOS_DEPLOYMENT_TARGET = 14.0;
				LD_RUNPATH_SEARCH_PATHS = (
					"$(inherited)",
					"@executable_path/Frameworks",
				);
				MARKETING_VERSION = 1.0;
				PRODUCT_BUNDLE_IDENTIFIER = com.vnpay.AppLab;
				PRODUCT_NAME = "$(TARGET_NAME)";
				SWIFT_EMIT_LOC_STRINGS = YES;
				SWIFT_VERSION = 5.0;
				TARGETED_DEVICE_FAMILY = "1,2";
			};
			name = Debug;
		};
		3022C21B27C36D0C00EE60CC /* Release */ = {
			isa = XCBuildConfiguration;
			baseConfigurationReference = 5598A321438F75763BE1AF4F /* Pods-AppLab.release.xcconfig */;
			buildSettings = {
				ASSETCATALOG_COMPILER_APPICON_NAME = AppIcon;
				ASSETCATALOG_COMPILER_GLOBAL_ACCENT_COLOR_NAME = AccentColor;
				CODE_SIGN_STYLE = Automatic;
				CURRENT_PROJECT_VERSION = 1;
				DEVELOPMENT_TEAM = VE4B6ZGW6Y;
				GENERATE_INFOPLIST_FILE = YES;
				INFOPLIST_FILE = AppLab/Info.plist;
				INFOPLIST_KEY_UIApplicationSupportsIndirectInputEvents = YES;
				INFOPLIST_KEY_UILaunchStoryboardName = LaunchScreen;
				INFOPLIST_KEY_UIMainStoryboardFile = Main;
				INFOPLIST_KEY_UISupportedInterfaceOrientations_iPad = "UIInterfaceOrientationPortrait UIInterfaceOrientationPortraitUpsideDown UIInterfaceOrientationLandscapeLeft UIInterfaceOrientationLandscapeRight";
				INFOPLIST_KEY_UISupportedInterfaceOrientations_iPhone = "UIInterfaceOrientationPortrait UIInterfaceOrientationLandscapeLeft UIInterfaceOrientationLandscapeRight";
				IPHONEOS_DEPLOYMENT_TARGET = 14.0;
				LD_RUNPATH_SEARCH_PATHS = (
					"$(inherited)",
					"@executable_path/Frameworks",
				);
				MARKETING_VERSION = 1.0;
				PRODUCT_BUNDLE_IDENTIFIER = com.vnpay.AppLab;
				PRODUCT_NAME = "$(TARGET_NAME)";
				SWIFT_EMIT_LOC_STRINGS = YES;
				SWIFT_VERSION = 5.0;
				TARGETED_DEVICE_FAMILY = "1,2";
			};
			name = Release;
		};
		3022C21D27C36D0C00EE60CC /* Debug */ = {
			isa = XCBuildConfiguration;
			baseConfigurationReference = 5209CB58D87A2BD7B379CFC4 /* Pods-AppLabTests.debug.xcconfig */;
			buildSettings = {
				ALWAYS_EMBED_SWIFT_STANDARD_LIBRARIES = YES;
				BUNDLE_LOADER = "$(TEST_HOST)";
				CODE_SIGN_STYLE = Automatic;
				CURRENT_PROJECT_VERSION = 1;
				DEVELOPMENT_TEAM = VE4B6ZGW6Y;
				GENERATE_INFOPLIST_FILE = YES;
				IPHONEOS_DEPLOYMENT_TARGET = 15.0;
				LD_RUNPATH_SEARCH_PATHS = (
					"$(inherited)",
					"@executable_path/Frameworks",
					"@loader_path/Frameworks",
				);
				MARKETING_VERSION = 1.0;
				PRODUCT_BUNDLE_IDENTIFIER = com.vnpay.EximBankOmni.AppLabTests;
				PRODUCT_NAME = "$(TARGET_NAME)";
				SWIFT_EMIT_LOC_STRINGS = NO;
				SWIFT_VERSION = 5.0;
				TARGETED_DEVICE_FAMILY = "1,2";
				TEST_HOST = "$(BUILT_PRODUCTS_DIR)/AppLab.app/AppLab";
			};
			name = Debug;
		};
		3022C21E27C36D0C00EE60CC /* Release */ = {
			isa = XCBuildConfiguration;
			baseConfigurationReference = E0E148B1D6526D787B885891 /* Pods-AppLabTests.release.xcconfig */;
			buildSettings = {
				ALWAYS_EMBED_SWIFT_STANDARD_LIBRARIES = YES;
				BUNDLE_LOADER = "$(TEST_HOST)";
				CODE_SIGN_STYLE = Automatic;
				CURRENT_PROJECT_VERSION = 1;
				DEVELOPMENT_TEAM = VE4B6ZGW6Y;
				GENERATE_INFOPLIST_FILE = YES;
				IPHONEOS_DEPLOYMENT_TARGET = 15.0;
				LD_RUNPATH_SEARCH_PATHS = (
					"$(inherited)",
					"@executable_path/Frameworks",
					"@loader_path/Frameworks",
				);
				MARKETING_VERSION = 1.0;
				PRODUCT_BUNDLE_IDENTIFIER = com.vnpay.EximBankOmni.AppLabTests;
				PRODUCT_NAME = "$(TARGET_NAME)";
				SWIFT_EMIT_LOC_STRINGS = NO;
				SWIFT_VERSION = 5.0;
				TARGETED_DEVICE_FAMILY = "1,2";
				TEST_HOST = "$(BUILT_PRODUCTS_DIR)/AppLab.app/AppLab";
			};
			name = Release;
		};
		3022C22027C36D0C00EE60CC /* Debug */ = {
			isa = XCBuildConfiguration;
			baseConfigurationReference = 25AAEFFCDCA81FA1D0B12B86 /* Pods-AppLab-AppLabUITests.debug.xcconfig */;
			buildSettings = {
				ALWAYS_EMBED_SWIFT_STANDARD_LIBRARIES = YES;
				CODE_SIGN_STYLE = Automatic;
				CURRENT_PROJECT_VERSION = 1;
				DEVELOPMENT_TEAM = VE4B6ZGW6Y;
				GENERATE_INFOPLIST_FILE = YES;
				LD_RUNPATH_SEARCH_PATHS = (
					"$(inherited)",
					"@executable_path/Frameworks",
					"@loader_path/Frameworks",
				);
				MARKETING_VERSION = 1.0;
				PRODUCT_BUNDLE_IDENTIFIER = com.vnpay.EximBankOmni.AppLabUITests;
				PRODUCT_NAME = "$(TARGET_NAME)";
				SWIFT_EMIT_LOC_STRINGS = NO;
				SWIFT_VERSION = 5.0;
				TARGETED_DEVICE_FAMILY = "1,2";
				TEST_TARGET_NAME = AppLab;
			};
			name = Debug;
		};
		3022C22127C36D0C00EE60CC /* Release */ = {
			isa = XCBuildConfiguration;
			baseConfigurationReference = 8CEAC339C57FA8C54EE5E025 /* Pods-AppLab-AppLabUITests.release.xcconfig */;
			buildSettings = {
				ALWAYS_EMBED_SWIFT_STANDARD_LIBRARIES = YES;
				CODE_SIGN_STYLE = Automatic;
				CURRENT_PROJECT_VERSION = 1;
				DEVELOPMENT_TEAM = VE4B6ZGW6Y;
				GENERATE_INFOPLIST_FILE = YES;
				LD_RUNPATH_SEARCH_PATHS = (
					"$(inherited)",
					"@executable_path/Frameworks",
					"@loader_path/Frameworks",
				);
				MARKETING_VERSION = 1.0;
				PRODUCT_BUNDLE_IDENTIFIER = com.vnpay.EximBankOmni.AppLabUITests;
				PRODUCT_NAME = "$(TARGET_NAME)";
				SWIFT_EMIT_LOC_STRINGS = NO;
				SWIFT_VERSION = 5.0;
				TARGETED_DEVICE_FAMILY = "1,2";
				TEST_TARGET_NAME = AppLab;
			};
			name = Release;
		};
/* End XCBuildConfiguration section */

/* Begin XCConfigurationList section */
		3022C1EA27C36D0700EE60CC /* Build configuration list for PBXProject "AppLab" */ = {
			isa = XCConfigurationList;
			buildConfigurations = (
				3022C21727C36D0C00EE60CC /* Debug */,
				3022C21827C36D0C00EE60CC /* Release */,
			);
			defaultConfigurationIsVisible = 0;
			defaultConfigurationName = Release;
		};
		3022C21927C36D0C00EE60CC /* Build configuration list for PBXNativeTarget "AppLab" */ = {
			isa = XCConfigurationList;
			buildConfigurations = (
				3022C21A27C36D0C00EE60CC /* Debug */,
				3022C21B27C36D0C00EE60CC /* Release */,
			);
			defaultConfigurationIsVisible = 0;
			defaultConfigurationName = Release;
		};
		3022C21C27C36D0C00EE60CC /* Build configuration list for PBXNativeTarget "AppLabTests" */ = {
			isa = XCConfigurationList;
			buildConfigurations = (
				3022C21D27C36D0C00EE60CC /* Debug */,
				3022C21E27C36D0C00EE60CC /* Release */,
			);
			defaultConfigurationIsVisible = 0;
			defaultConfigurationName = Release;
		};
		3022C21F27C36D0C00EE60CC /* Build configuration list for PBXNativeTarget "AppLabUITests" */ = {
			isa = XCConfigurationList;
			buildConfigurations = (
				3022C22027C36D0C00EE60CC /* Debug */,
				3022C22127C36D0C00EE60CC /* Release */,
			);
			defaultConfigurationIsVisible = 0;
			defaultConfigurationName = Release;
		};
/* End XCConfigurationList section */
	};
	rootObject = 3022C1E727C36D0700EE60CC /* Project object */;
}
